lockfileVersion: '9.0'

settings:
  autoInstallPeers: true
  excludeLinksFromLockfile: false

importers:

  .:
    devDependencies:
      '@types/node':
        specifier: ^8.10.25
        version: 8.10.66
      '@types/vscode':
        specifier: ^1.39.0
        version: 1.39.0
      typescript:
        specifier: ^4.9.5
        version: 4.9.5
      uglify-js:
        specifier: ^3.4.9
        version: 3.19.3

packages:

  '@types/node@8.10.66':
    resolution: {integrity: sha512-tktOkFUA4kXx2hhhrB8bIFb5TbwzS4uOhKEmwiD+NoiL0qtP2OQ9mFldbgD4dV1djrlBYP6eBuQZiWjuHUpqFw==}

  '@types/vscode@1.39.0':
    resolution: {integrity: sha512-rlg0okXDt7NjAyHXbZ2nO1I/VY/8y9w67ltLRrOxXQ46ayvrYZavD4A6zpYrGbs2+ZOEQzcUs+QZOqcVGQIxXQ==}

  typescript@4.9.5:
    resolution: {integrity: sha512-1FXk9E2Hm+QzZQ7z+McJiHL4NW1F2EzMu9Nq9i3zAaGqibafqYwCVU6WyWAuyQRRzOlxou8xZSyXLEN8oKj24g==}
    engines: {node: '>=4.2.0'}
    hasBin: true

  uglify-js@3.19.3:
    resolution: {integrity: sha512-v3Xu+yuwBXisp6QYTcH4UbH+xYJXqnq2m/LtQVWKWzYc1iehYnLixoQDN9FH6/j9/oybfd6W9Ghwkl8+UMKTKQ==}
    engines: {node: '>=0.8.0'}
    hasBin: true

snapshots:

  '@types/node@8.10.66': {}

  '@types/vscode@1.39.0': {}

  typescript@4.9.5: {}

  uglify-js@3.19.3: {}
